
Microsoft Visual Studio Solution File, Format Version 12.00
# Visual Studio Version 16
VisualStudioVersion = 16.0.30413.136
MinimumVisualStudioVersion = 10.0.40219.1
Project("{FAE04EC0-301F-11D3-BF4B-00C04F79EFBC}") = "WEB_API_Test", "WEB_API_Test\WEB_API_Test.csproj", "{952D4BE9-F791-4D8A-815F-61F2BA895A5F}"
EndProject
Project("{FAE04EC0-301F-11D3-BF4B-00C04F79EFBC}") = "WEbAPI", "WEbAPI\WEbAPI.csproj", "{15386E78-6231-47E4-8578-084534207A93}"
EndProject
Global
	GlobalSection(SolutionConfigurationPlatforms) = preSolution
		Debug|Any CPU = Debug|Any CPU
		Release|Any CPU = Release|Any CPU
	EndGlobalSection
	GlobalSection(ProjectConfigurationPlatforms) = postSolution
		{952D4BE9-F791-4D8A-815F-61F2BA895A5F}.Debug|Any CPU.ActiveCfg = Debug|Any CPU
		{952D4BE9-F791-4D8A-815F-61F2BA895A5F}.Debug|Any CPU.Build.0 = Debug|Any CPU
		{952D4BE9-F791-4D8A-815F-61F2BA895A5F}.Release|Any CPU.ActiveCfg = Release|Any CPU
		{952D4BE9-F791-4D8A-815F-61F2BA895A5F}.Release|Any CPU.Build.0 = Release|Any CPU
		{15386E78-6231-47E4-8578-084534207A93}.Debug|Any CPU.ActiveCfg = Debug|Any CPU
		{15386E78-6231-47E4-8578-084534207A93}.Debug|Any CPU.Build.0 = Debug|Any CPU
		{15386E78-6231-47E4-8578-084534207A93}.Release|Any CPU.ActiveCfg = Release|Any CPU
		{15386E78-6231-47E4-8578-084534207A93}.Release|Any CPU.Build.0 = Release|Any CPU
	EndGlobalSection
	GlobalSection(SolutionProperties) = preSolution
		HideSolutionNode = FALSE
	EndGlobalSection
	GlobalSection(ExtensibilityGlobals) = postSolution
		SolutionGuid = {3F03B123-5BC1-4F51-8631-4EF92E306FDF}
	EndGlobalSection
EndGlobal
